
Microsoft Visual Studio Solution File, Format Version 12.00
# Visual Studio Version 17
VisualStudioVersion = 17.11.35327.3
MinimumVisualStudioVersion = 10.0.40219.1
Project("{FAE04EC0-301F-11D3-BF4B-00C04F79EFBC}") = "SARTE_Personal DashBoard", "SARTE_Personal DashBoard\SARTE_Personal DashBoard.csproj", "{AD44CC75-A278-4773-9064-AF9475AE63D4}"
EndProject
Global
	GlobalSection(SolutionConfigurationPlatforms) = preSolution
		Debug|Any CPU = Debug|Any CPU
		Release|Any CPU = Release|Any CPU
	EndGlobalSection
	GlobalSection(ProjectConfigurationPlatforms) = postSolution
		{AD44CC75-A278-4773-9064-AF9475AE63D4}.Debug|Any CPU.ActiveCfg = Debug|Any CPU
		{AD44CC75-A278-4773-9064-AF9475AE63D4}.Debug|Any CPU.Build.0 = Debug|Any CPU
		{AD44CC75-A278-4773-9064-AF9475AE63D4}.Release|Any CPU.ActiveCfg = Release|Any CPU
		{AD44CC75-A278-4773-9064-AF9475AE63D4}.Release|Any CPU.Build.0 = Release|Any CPU
	EndGlobalSection
	GlobalSection(SolutionProperties) = preSolution
		HideSolutionNode = FALSE
	EndGlobalSection
	GlobalSection(ExtensibilityGlobals) = postSolution
		SolutionGuid = {65E50929-FCFF-478A-9CC4-B059D23E7627}
	EndGlobalSection
EndGlobal
